<?xml version="1.0" encoding="utf-8"?>
<Project ToolsVersion="4.0" xmlns="http://schemas.microsoft.com/developer/msbuild/2003">
  <ItemGroup>
    <ClCompile Include="..\App\PreCompile.cpp">
      <Filter>PreCompile</Filter>
    </ClCompile>
    <ClCompile Include="FirstMap.cpp">
      <Filter>ShowMeTheMap</Filter>
    </ClCompile>
    <ClCompile Include="GameMode_FirstMap.cpp">
      <Filter>GameModes</Filter>
    </ClCompile>
    <ClCompile Include="GameMode_Title.cpp">
      <Filter>GameModes</Filter>
    </ClCompile>
    <ClCompile Include="TitleImage.cpp">
      <Filter>ShowMeTheMap</Filter>
    </ClCompile>
    <ClCompile Include="SecondMap.cpp">
      <Filter>ShowMeTheMap</Filter>
    </ClCompile>
    <ClCompile Include="CatMarioGame.cpp">
      <Filter>MainGame</Filter>
    </ClCompile>
    <ClCompile Include="GameMode_SecondMap.cpp">
      <Filter>GameModes</Filter>
    </ClCompile>
    <ClCompile Include="ThirdMap.cpp">
      <Filter>ShowMeTheMap</Filter>
    </ClCompile>
    <ClCompile Include="GameMode_ThirdMap.cpp">
      <Filter>GameModes</Filter>
    </ClCompile>
    <ClCompile Include="GameMode_FourthMap.cpp">
      <Filter>GameModes</Filter>
    </ClCompile>
    <ClCompile Include="FourthMap.cpp">
      <Filter>ShowMeTheMap</Filter>
    </ClCompile>
    <ClCompile Include="MarioCat.cpp">
      <Filter>InterActive Things\MainPlayer_MarioCat</Filter>
    </ClCompile>
    <ClCompile Include="FifthMap.cpp">
      <Filter>ShowMeTheMap</Filter>
    </ClCompile>
    <ClCompile Include="GameMode_FifthMap.cpp">
      <Filter>GameModes</Filter>
    </ClCompile>
    <ClCompile Include="SixthMap.cpp">
      <Filter>ShowMeTheMap</Filter>
    </ClCompile>
    <ClCompile Include="GameMode_SixthMap.cpp">
      <Filter>GameModes</Filter>
    </ClCompile>
    <ClCompile Include="SeventhMap.cpp">
      <Filter>ShowMeTheMap</Filter>
    </ClCompile>
    <ClCompile Include="GameMode_SeventhMap.cpp">
      <Filter>GameModes</Filter>
    </ClCompile>
    <ClCompile Include="EighthMap.cpp">
      <Filter>ShowMeTheMap</Filter>
    </ClCompile>
    <ClCompile Include="GameMode_EighthMap.cpp">
      <Filter>GameModes</Filter>
    </ClCompile>
    <ClCompile Include="Enum.cpp">
      <Filter>enum</Filter>
    </ClCompile>
    <ClCompile Include="DeathCount.cpp">
      <Filter>ShowMeTheMap</Filter>
    </ClCompile>
    <ClCompile Include="GameMode_DeathCount.cpp">
      <Filter>GameModes</Filter>
    </ClCompile>
    <ClCompile Include="CountDown.cpp" />
    <ClCompile Include="GoingUpBlock.cpp">
      <Filter>InterActive Things\Blocks</Filter>
    </ClCompile>
    <ClCompile Include="BNormalBlock.cpp">
      <Filter>InterActive Things\Blocks</Filter>
    </ClCompile>
    <ClCompile Include="BParticleA.cpp">
      <Filter>InterActive Things\Blocks\BParticles</Filter>
    </ClCompile>
    <ClCompile Include="MapActor.cpp">
      <Filter>InterActive Things</Filter>
    </ClCompile>
    <ClCompile Include="CoinBox.cpp">
      <Filter>InterActive Things\Blocks\CoinBox</Filter>
    </ClCompile>
    <ClCompile Include="QBlockwithCoin.cpp">
      <Filter>InterActive Things\Blocks\CoinBox</Filter>
    </ClCompile>
    <ClCompile Include="Coin.cpp">
      <Filter>InterActive Things\Props</Filter>
    </ClCompile>
    <ClCompile Include="Flag.cpp">
      <Filter>InterActive Things\Props</Filter>
    </ClCompile>
    <ClCompile Include="BParticleB.cpp">
      <Filter>InterActive Things\Blocks\BParticles</Filter>
    </ClCompile>
    <ClCompile Include="BParticleC.cpp">
      <Filter>InterActive Things\Blocks\BParticles</Filter>
    </ClCompile>
    <ClCompile Include="BParticleD.cpp">
      <Filter>InterActive Things\Blocks\BParticles</Filter>
    </ClCompile>
    <ClCompile Include="HiddenBoxS.cpp">
      <Filter>InterActive Things\Blocks\CoinBox</Filter>
    </ClCompile>
    <ClCompile Include="WhiteCircle.cpp">
      <Filter>InterActive Things\Monster\WhiteCircle</Filter>
    </ClCompile>
    <ClCompile Include="SuperBouncyWC.cpp">
      <Filter>InterActive Things\Monster\WhiteCircle</Filter>
    </ClCompile>
    <ClCompile Include="FirstMapP1.cpp">
      <Filter>InterActive Things\Pipes</Filter>
    </ClCompile>
    <ClCompile Include="FirstMapP2.cpp">
      <Filter>InterActive Things\Pipes</Filter>
    </ClCompile>
    <ClCompile Include="QBlockwithWC.cpp">
      <Filter>InterActive Things\Blocks\MysteryBox</Filter>
    </ClCompile>
    <ClCompile Include="Turtle.cpp">
      <Filter>InterActive Things\Monster\Turtle</Filter>
    </ClCompile>
    <ClCompile Include="TurtleShell.cpp">
      <Filter>InterActive Things\Monster\Turtle</Filter>
    </ClCompile>
    <ClCompile Include="Staff.cpp">
      <Filter>InterActive Things\Props</Filter>
    </ClCompile>
    <ClCompile Include="BBreakingBlock.cpp">
      <Filter>InterActive Things\Blocks\BreakingBlock</Filter>
    </ClCompile>
    <ClCompile Include="UpSeal.cpp">
      <Filter>InterActive Things\Monster\Seal</Filter>
    </ClCompile>
    <ClCompile Include="DownSeal.cpp">
      <Filter>InterActive Things\Monster\Seal</Filter>
    </ClCompile>
    <ClCompile Include="SecondMapP2.cpp">
      <Filter>InterActive Things\Pipes</Filter>
    </ClCompile>
    <ClCompile Include="ColPipe.cpp">
      <Filter>InterActive Things\Pipes</Filter>
    </ClCompile>
    <ClCompile Include="FDBlock1.cpp">
      <Filter>InterActive Things\Blocks\FallingDown</Filter>
    </ClCompile>
    <ClCompile Include="FDBlock2.cpp">
      <Filter>InterActive Things\Blocks\FallingDown</Filter>
    </ClCompile>
    <ClCompile Include="Cloud.cpp">
      <Filter>InterActive Things\Monster</Filter>
    </ClCompile>
    <ClCompile Include="QBlockwithMushroomN.cpp">
      <Filter>InterActive Things\Blocks\MysteryBox</Filter>
    </ClCompile>
    <ClCompile Include="MushroomN.cpp">
      <Filter>InterActive Things\Mushroom</Filter>
    </ClCompile>
    <ClCompile Include="FlyingStick.cpp">
      <Filter>InterActive Things\Monster</Filter>
    </ClCompile>
    <ClCompile Include="FBPipe.cpp">
      <Filter>InterActive Things\Pipes</Filter>
    </ClCompile>
    <ClCompile Include="FireBall.cpp">
      <Filter>InterActive Things\FireBall</Filter>
    </ClCompile>
    <ClCompile Include="FireBallSwitch.cpp">
      <Filter>InterActive Things\FireBall</Filter>
    </ClCompile>
    <ClCompile Include="InfiniteCoinBox.cpp">
      <Filter>InterActive Things\Blocks\CoinBox</Filter>
    </ClCompile>
    <ClCompile Include="Star.cpp">
      <Filter>InterActive Things\Monster</Filter>
    </ClCompile>
    <ClCompile Include="StarBox.cpp">
      <Filter>InterActive Things\Blocks\MysteryBox</Filter>
    </ClCompile>
    <ClCompile Include="FDBlock3.cpp">
      <Filter>InterActive Things\Blocks\FallingDown</Filter>
    </ClCompile>
    <ClCompile Include="GAbnormalBlock.cpp">
      <Filter>InterActive Things\Blocks\GBlock</Filter>
    </ClCompile>
    <ClCompile Include="HiddenBoxD.cpp">
      <Filter>InterActive Things\Blocks\CoinBox</Filter>
    </ClCompile>
    <ClCompile Include="GNormalBlock.cpp">
      <Filter>InterActive Things\Blocks\GBlock</Filter>
    </ClCompile>
    <ClCompile Include="HiddenBoxDT.cpp">
      <Filter>InterActive Things\Blocks\CoinBox</Filter>
    </ClCompile>
    <ClCompile Include="KingWC.cpp">
      <Filter>InterActive Things\Monster\WhiteCircle</Filter>
    </ClCompile>
    <ClCompile Include="GParticleA.cpp">
      <Filter>InterActive Things\Blocks\GBlock\GParticles</Filter>
    </ClCompile>
    <ClCompile Include="GParticleB.cpp">
      <Filter>InterActive Things\Blocks\GBlock\GParticles</Filter>
    </ClCompile>
    <ClCompile Include="GParticleC.cpp">
      <Filter>InterActive Things\Blocks\GBlock\GParticles</Filter>
    </ClCompile>
    <ClCompile Include="GParticleD.cpp">
      <Filter>InterActive Things\Blocks\GBlock\GParticles</Filter>
    </ClCompile>
    <ClCompile Include="GBBBox.cpp">
      <Filter>InterActive Things\Blocks\GBlock\GBreakingBlock</Filter>
    </ClCompile>
    <ClCompile Include="HiddenBoxFragile.cpp">
      <Filter>InterActive Things\Blocks\CoinBox</Filter>
    </ClCompile>
    <ClCompile Include="GBBBrick.cpp">
      <Filter>InterActive Things\Blocks\GBlock\GBreakingBlock</Filter>
    </ClCompile>
    <ClCompile Include="ThirdMapP1.cpp">
      <Filter>InterActive Things\Pipes</Filter>
    </ClCompile>
    <ClCompile Include="Bear.cpp">
      <Filter>InterActive Things\Monster</Filter>
    </ClCompile>
    <ClCompile Include="FDBlock4.cpp">
      <Filter>InterActive Things\Blocks\FallingDown</Filter>
    </ClCompile>
    <ClCompile Include="FDBlock5.cpp">
      <Filter>InterActive Things\Blocks\FallingDown</Filter>
    </ClCompile>
    <ClCompile Include="FDBlock6.cpp">
      <Filter>InterActive Things\Blocks\FallingDown</Filter>
    </ClCompile>
    <ClCompile Include="FDBlock7.cpp">
      <Filter>InterActive Things\Blocks\FallingDown</Filter>
    </ClCompile>
    <ClCompile Include="UpStair.cpp">
      <Filter>InterActive Things\Props\Stairs</Filter>
    </ClCompile>
    <ClCompile Include="DownStair.cpp">
      <Filter>InterActive Things\Props\Stairs</Filter>
    </ClCompile>
    <ClCompile Include="BigWC.cpp">
      <Filter>InterActive Things\Monster\WhiteCircle</Filter>
    </ClCompile>
    <ClCompile Include="SpickyBlock.cpp">
      <Filter>InterActive Things\Blocks\GBlock</Filter>
    </ClCompile>
  </ItemGroup>
  <ItemGroup>
    <ClInclude Include="..\App\PreCompile.h">
      <Filter>PreCompile</Filter>
    </ClInclude>
    <ClInclude Include="FirstMap.h">
      <Filter>ShowMeTheMap</Filter>
    </ClInclude>
    <ClInclude Include="GameMode_FirstMap.h">
      <Filter>GameModes</Filter>
    </ClInclude>
    <ClInclude Include="GameMode_Title.h">
      <Filter>GameModes</Filter>
    </ClInclude>
    <ClInclude Include="TitleImage.h">
      <Filter>ShowMeTheMap</Filter>
    </ClInclude>
    <ClInclude Include="SecondMap.h">
      <Filter>ShowMeTheMap</Filter>
    </ClInclude>
    <ClInclude Include="CatMarioGame.h">
      <Filter>MainGame</Filter>
    </ClInclude>
    <ClInclude Include="GameMode_SecondMap.h">
      <Filter>GameModes</Filter>
    </ClInclude>
    <ClInclude Include="ThirdMap.h">
      <Filter>ShowMeTheMap</Filter>
    </ClInclude>
    <ClInclude Include="GameMode_ThirdMap.h">
      <Filter>GameModes</Filter>
    </ClInclude>
    <ClInclude Include="GameMode_FourthMap.h">
      <Filter>GameModes</Filter>
    </ClInclude>
    <ClInclude Include="FourthMap.h">
      <Filter>ShowMeTheMap</Filter>
    </ClInclude>
    <ClInclude Include="MarioCat.h">
      <Filter>InterActive Things\MainPlayer_MarioCat</Filter>
    </ClInclude>
    <ClInclude Include="FifthMap.h">
      <Filter>ShowMeTheMap</Filter>
    </ClInclude>
    <ClInclude Include="GameMode_FifthMap.h">
      <Filter>GameModes</Filter>
    </ClInclude>
    <ClInclude Include="SixthMap.h">
      <Filter>ShowMeTheMap</Filter>
    </ClInclude>
    <ClInclude Include="GameMode_SixthMap.h">
      <Filter>GameModes</Filter>
    </ClInclude>
    <ClInclude Include="SeventhMap.h">
      <Filter>ShowMeTheMap</Filter>
    </ClInclude>
    <ClInclude Include="GameMode_SeventhMap.h">
      <Filter>GameModes</Filter>
    </ClInclude>
    <ClInclude Include="EighthMap.h">
      <Filter>ShowMeTheMap</Filter>
    </ClInclude>
    <ClInclude Include="GameMode_EighthMap.h">
      <Filter>GameModes</Filter>
    </ClInclude>
    <ClInclude Include="Enum.h">
      <Filter>enum</Filter>
    </ClInclude>
    <ClInclude Include="DeathCount.h">
      <Filter>ShowMeTheMap</Filter>
    </ClInclude>
    <ClInclude Include="GameMode_DeathCount.h">
      <Filter>GameModes</Filter>
    </ClInclude>
    <ClInclude Include="CountDown.h" />
    <ClInclude Include="GoingUpBlock.h">
      <Filter>InterActive Things\Blocks</Filter>
    </ClInclude>
    <ClInclude Include="BNormalBlock.h">
      <Filter>InterActive Things\Blocks</Filter>
    </ClInclude>
    <ClInclude Include="BParticleA.h">
      <Filter>InterActive Things\Blocks\BParticles</Filter>
    </ClInclude>
    <ClInclude Include="MapActor.h">
      <Filter>InterActive Things</Filter>
    </ClInclude>
    <ClInclude Include="CoinBox.h">
      <Filter>InterActive Things\Blocks\CoinBox</Filter>
    </ClInclude>
    <ClInclude Include="QBlockwithCoin.h">
      <Filter>InterActive Things\Blocks\CoinBox</Filter>
    </ClInclude>
    <ClInclude Include="Coin.h">
      <Filter>InterActive Things\Props</Filter>
    </ClInclude>
    <ClInclude Include="Flag.h">
      <Filter>InterActive Things\Props</Filter>
    </ClInclude>
    <ClInclude Include="BParticleB.h">
      <Filter>InterActive Things\Blocks\BParticles</Filter>
    </ClInclude>
    <ClInclude Include="BParticleC.h">
      <Filter>InterActive Things\Blocks\BParticles</Filter>
    </ClInclude>
    <ClInclude Include="BParticleD.h">
      <Filter>InterActive Things\Blocks\BParticles</Filter>
    </ClInclude>
    <ClInclude Include="HiddenBoxS.h">
      <Filter>InterActive Things\Blocks\CoinBox</Filter>
    </ClInclude>
    <ClInclude Include="WhiteCircle.h">
      <Filter>InterActive Things\Monster\WhiteCircle</Filter>
    </ClInclude>
    <ClInclude Include="SuperBouncyWC.h">
      <Filter>InterActive Things\Monster\WhiteCircle</Filter>
    </ClInclude>
    <ClInclude Include="FirstMapP1.h">
      <Filter>InterActive Things\Pipes</Filter>
    </ClInclude>
    <ClInclude Include="FirstMapP2.h">
      <Filter>InterActive Things\Pipes</Filter>
    </ClInclude>
    <ClInclude Include="QBlockwithWC.h">
      <Filter>InterActive Things\Blocks\MysteryBox</Filter>
    </ClInclude>
    <ClInclude Include="Turtle.h">
      <Filter>InterActive Things\Monster\Turtle</Filter>
    </ClInclude>
    <ClInclude Include="TurtleShell.h">
      <Filter>InterActive Things\Monster\Turtle</Filter>
    </ClInclude>
    <ClInclude Include="Staff.h">
      <Filter>InterActive Things\Props</Filter>
    </ClInclude>
    <ClInclude Include="BBreakingBlock.h">
      <Filter>InterActive Things\Blocks\BreakingBlock</Filter>
    </ClInclude>
    <ClInclude Include="UpSeal.h">
      <Filter>InterActive Things\Monster\Seal</Filter>
    </ClInclude>
    <ClInclude Include="DownSeal.h">
      <Filter>InterActive Things\Monster\Seal</Filter>
    </ClInclude>
    <ClInclude Include="SecondMapP2.h">
      <Filter>InterActive Things\Pipes</Filter>
    </ClInclude>
    <ClInclude Include="ColPipe.h">
      <Filter>InterActive Things\Pipes</Filter>
    </ClInclude>
    <ClInclude Include="FDBlock1.h">
      <Filter>InterActive Things\Blocks\FallingDown</Filter>
    </ClInclude>
    <ClInclude Include="FDBlock2.h">
      <Filter>InterActive Things\Blocks\FallingDown</Filter>
    </ClInclude>
    <ClInclude Include="Cloud.h">
      <Filter>InterActive Things\Monster</Filter>
    </ClInclude>
    <ClInclude Include="QBlockwithMushroomN.h">
      <Filter>InterActive Things\Blocks\MysteryBox</Filter>
    </ClInclude>
    <ClInclude Include="MushroomN.h">
      <Filter>InterActive Things\Mushroom</Filter>
    </ClInclude>
    <ClInclude Include="FlyingStick.h">
      <Filter>InterActive Things\Monster</Filter>
    </ClInclude>
    <ClInclude Include="FBPipe.h">
      <Filter>InterActive Things\Pipes</Filter>
    </ClInclude>
    <ClInclude Include="FireBall.h">
      <Filter>InterActive Things\FireBall</Filter>
    </ClInclude>
    <ClInclude Include="FireBallSwitch.h">
      <Filter>InterActive Things\FireBall</Filter>
    </ClInclude>
    <ClInclude Include="InfiniteCoinBox.h">
      <Filter>InterActive Things\Blocks\CoinBox</Filter>
    </ClInclude>
    <ClInclude Include="Star.h">
      <Filter>InterActive Things\Monster</Filter>
    </ClInclude>
    <ClInclude Include="StarBox.h">
      <Filter>InterActive Things\Blocks\MysteryBox</Filter>
    </ClInclude>
    <ClInclude Include="FDBlock3.h">
      <Filter>InterActive Things\Blocks\FallingDown</Filter>
    </ClInclude>
    <ClInclude Include="GAbnormalBlock.h">
      <Filter>InterActive Things\Blocks\GBlock</Filter>
    </ClInclude>
    <ClInclude Include="HiddenBoxD.h">
      <Filter>InterActive Things\Blocks\CoinBox</Filter>
    </ClInclude>
    <ClInclude Include="GNormalBlock.h">
      <Filter>InterActive Things\Blocks\GBlock</Filter>
    </ClInclude>
    <ClInclude Include="HiddenBoxDT.h">
      <Filter>InterActive Things\Blocks\CoinBox</Filter>
    </ClInclude>
    <ClInclude Include="KingWC.h">
      <Filter>InterActive Things\Monster\WhiteCircle</Filter>
    </ClInclude>
    <ClInclude Include="GParticleA.h">
      <Filter>InterActive Things\Blocks\GBlock\GParticles</Filter>
    </ClInclude>
    <ClInclude Include="GParticleB.h">
      <Filter>InterActive Things\Blocks\GBlock\GParticles</Filter>
    </ClInclude>
    <ClInclude Include="GParticleC.h">
      <Filter>InterActive Things\Blocks\GBlock\GParticles</Filter>
    </ClInclude>
    <ClInclude Include="GParticleD.h">
      <Filter>InterActive Things\Blocks\GBlock\GParticles</Filter>
    </ClInclude>
    <ClInclude Include="GBBBox.h">
      <Filter>InterActive Things\Blocks\GBlock\GBreakingBlock</Filter>
    </ClInclude>
    <ClInclude Include="HiddenBoxFragile.h">
      <Filter>InterActive Things\Blocks\CoinBox</Filter>
    </ClInclude>
    <ClInclude Include="GBBBrick.h">
      <Filter>InterActive Things\Blocks\GBlock\GBreakingBlock</Filter>
    </ClInclude>
    <ClInclude Include="ThirdMapP1.h">
      <Filter>InterActive Things\Pipes</Filter>
    </ClInclude>
    <ClInclude Include="Bear.h">
      <Filter>InterActive Things\Monster</Filter>
    </ClInclude>
    <ClInclude Include="FDBlock4.h">
      <Filter>InterActive Things\Blocks\FallingDown</Filter>
    </ClInclude>
    <ClInclude Include="FDBlock5.h">
      <Filter>InterActive Things\Blocks\FallingDown</Filter>
    </ClInclude>
    <ClInclude Include="FDBlock6.h">
      <Filter>InterActive Things\Blocks\FallingDown</Filter>
    </ClInclude>
    <ClInclude Include="FDBlock7.h">
      <Filter>InterActive Things\Blocks\FallingDown</Filter>
    </ClInclude>
    <ClInclude Include="UpStair.h">
      <Filter>InterActive Things\Props\Stairs</Filter>
    </ClInclude>
    <ClInclude Include="DownStair.h">
      <Filter>InterActive Things\Props\Stairs</Filter>
    </ClInclude>
    <ClInclude Include="BigWC.h">
      <Filter>InterActive Things\Monster\WhiteCircle</Filter>
    </ClInclude>
    <ClInclude Include="SpickyBlock.h">
      <Filter>InterActive Things\Blocks\GBlock</Filter>
    </ClInclude>
  </ItemGroup>
  <ItemGroup>
    <Filter Include="PreCompile">
      <UniqueIdentifier>{3154aa35-f7e0-4bc7-b873-00054cff9618}</UniqueIdentifier>
    </Filter>
    <Filter Include="ShowMeTheMap">
      <UniqueIdentifier>{18ec2783-8849-4192-b935-c0b6e6c612b9}</UniqueIdentifier>
    </Filter>
    <Filter Include="GameModes">
      <UniqueIdentifier>{ac313dfd-4acf-4f29-9a3c-99b03d2a9cc1}</UniqueIdentifier>
    </Filter>
    <Filter Include="MainGame">
      <UniqueIdentifier>{64ab0313-728c-4b1e-adff-97d483a1057b}</UniqueIdentifier>
    </Filter>
    <Filter Include="InterActive Things">
      <UniqueIdentifier>{d03d0fe4-0c15-4e19-a2c1-8bd4f5c8cb54}</UniqueIdentifier>
    </Filter>
    <Filter Include="InterActive Things\Blocks">
      <UniqueIdentifier>{af7926c7-6f1f-44ac-b2ed-8d163e786dd1}</UniqueIdentifier>
    </Filter>
    <Filter Include="InterActive Things\Monster">
      <UniqueIdentifier>{48372f66-cdc9-477d-ad03-957637169473}</UniqueIdentifier>
    </Filter>
    <Filter Include="enum">
      <UniqueIdentifier>{5dbb7e8e-de8a-4861-ac61-0995eeddc56f}</UniqueIdentifier>
    </Filter>
    <Filter Include="InterActive Things\Blocks\BParticles">
      <UniqueIdentifier>{d4b768e9-8875-4d32-a9f6-a76d799fa4bc}</UniqueIdentifier>
    </Filter>
    <Filter Include="InterActive Things\MainPlayer_MarioCat">
      <UniqueIdentifier>{ef9b344d-efab-4e3f-8d97-9f22a1def2ab}</UniqueIdentifier>
    </Filter>
    <Filter Include="InterActive Things\Props">
      <UniqueIdentifier>{070f619f-4f14-472e-9c95-a1e83a75c9bb}</UniqueIdentifier>
    </Filter>
    <Filter Include="InterActive Things\Blocks\CoinBox">
      <UniqueIdentifier>{e1b53efd-4e1d-4985-a644-9599169e2457}</UniqueIdentifier>
    </Filter>
    <Filter Include="InterActive Things\Monster\WhiteCircle">
      <UniqueIdentifier>{294534b1-e991-428c-bf11-bcdcc7f06b5b}</UniqueIdentifier>
    </Filter>
    <Filter Include="InterActive Things\Pipes">
      <UniqueIdentifier>{ec8ca562-403d-4494-aaa6-b4d71924ebc1}</UniqueIdentifier>
    </Filter>
    <Filter Include="InterActive Things\Blocks\MysteryBox">
      <UniqueIdentifier>{fea07ce6-0cbf-4cf0-b8a0-4312a0f1fb8b}</UniqueIdentifier>
    </Filter>
    <Filter Include="InterActive Things\Monster\Turtle">
      <UniqueIdentifier>{0307f947-5f18-4b99-801a-cb6b66dc5bfe}</UniqueIdentifier>
    </Filter>
    <Filter Include="InterActive Things\Blocks\BreakingBlock">
      <UniqueIdentifier>{0db5b076-5eaa-405c-9383-7ef8340ab91b}</UniqueIdentifier>
    </Filter>
    <Filter Include="InterActive Things\Monster\Seal">
      <UniqueIdentifier>{4caf5a3a-56f6-40a3-8fc1-efe2a61c6617}</UniqueIdentifier>
    </Filter>
    <Filter Include="InterActive Things\Blocks\FallingDown">
      <UniqueIdentifier>{f6dbf749-4838-4642-bb65-b796bd25bde2}</UniqueIdentifier>
    </Filter>
    <Filter Include="InterActive Things\Mushroom">
      <UniqueIdentifier>{3160ea1e-4db3-4394-b7eb-437be47bb7c7}</UniqueIdentifier>
    </Filter>
    <Filter Include="InterActive Things\FireBall">
      <UniqueIdentifier>{df8f7762-36cf-400c-9293-0acbe69b7c4f}</UniqueIdentifier>
    </Filter>
    <Filter Include="InterActive Things\Blocks\GBlock">
      <UniqueIdentifier>{574480b5-a07a-47c6-93c7-0daceef375f9}</UniqueIdentifier>
    </Filter>
    <Filter Include="InterActive Things\Blocks\GBlock\GParticles">
      <UniqueIdentifier>{18db9ecd-6bc1-4005-b7ab-abad3931e334}</UniqueIdentifier>
    </Filter>
    <Filter Include="InterActive Things\Blocks\GBlock\GBreakingBlock">
      <UniqueIdentifier>{8f420529-7b1d-4f4a-a3e8-f0b6011d9e1f}</UniqueIdentifier>
    </Filter>
    <Filter Include="InterActive Things\Props\Stairs">
      <UniqueIdentifier>{68324a00-398e-4785-8271-2a7b0aa0b3f9}</UniqueIdentifier>
    </Filter>
  </ItemGroup>
</Project>